
Microsoft Visual Studio Solution File, Format Version 12.00
# Visual Studio Version 16
VisualStudioVersion = 16.0.31321.278
MinimumVisualStudioVersion = 10.0.40219.1
Project("{8BC9CEB8-8B4A-11D0-8D11-00A0C91BC942}") = "Transgerbeur", "Transgerbeur\Transgerbeur.vcxproj", "{B7194225-9E1D-4714-99FF-185BD6E5F70E}"
EndProject
Project("{8BC9CEB8-8B4A-11D0-8D11-00A0C91BC942}") = "GestionEmployes", "GestionEmployes\GestionEmployes.vcxproj", "{87C5B73B-7528-44F2-9C0F-255A76908A8E}"
EndProject
Project("{8BC9CEB8-8B4A-11D0-8D11-00A0C91BC942}") = "RGB", "RGB\RGB.vcxproj", "{23011F60-6382-4911-BEF9-1D72E6C9BF91}"
EndProject
Global
	GlobalSection(SolutionConfigurationPlatforms) = preSolution
		Debug|x64 = Debug|x64
		Debug|x86 = Debug|x86
		Release|x64 = Release|x64
		Release|x86 = Release|x86
	EndGlobalSection
	GlobalSection(ProjectConfigurationPlatforms) = postSolution
		{B7194225-9E1D-4714-99FF-185BD6E5F70E}.Debug|x64.ActiveCfg = Debug|x64
		{B7194225-9E1D-4714-99FF-185BD6E5F70E}.Debug|x64.Build.0 = Debug|x64
		{B7194225-9E1D-4714-99FF-185BD6E5F70E}.Debug|x86.ActiveCfg = Debug|Win32
		{B7194225-9E1D-4714-99FF-185BD6E5F70E}.Debug|x86.Build.0 = Debug|Win32
		{B7194225-9E1D-4714-99FF-185BD6E5F70E}.Release|x64.ActiveCfg = Release|x64
		{B7194225-9E1D-4714-99FF-185BD6E5F70E}.Release|x64.Build.0 = Release|x64
		{B7194225-9E1D-4714-99FF-185BD6E5F70E}.Release|x86.ActiveCfg = Release|Win32
		{B7194225-9E1D-4714-99FF-185BD6E5F70E}.Release|x86.Build.0 = Release|Win32
		{87C5B73B-7528-44F2-9C0F-255A76908A8E}.Debug|x64.ActiveCfg = Debug|x64
		{87C5B73B-7528-44F2-9C0F-255A76908A8E}.Debug|x64.Build.0 = Debug|x64
		{87C5B73B-7528-44F2-9C0F-255A76908A8E}.Debug|x86.ActiveCfg = Debug|Win32
		{87C5B73B-7528-44F2-9C0F-255A76908A8E}.Debug|x86.Build.0 = Debug|Win32
		{87C5B73B-7528-44F2-9C0F-255A76908A8E}.Release|x64.ActiveCfg = Release|x64
		{87C5B73B-7528-44F2-9C0F-255A76908A8E}.Release|x64.Build.0 = Release|x64
		{87C5B73B-7528-44F2-9C0F-255A76908A8E}.Release|x86.ActiveCfg = Release|Win32
		{87C5B73B-7528-44F2-9C0F-255A76908A8E}.Release|x86.Build.0 = Release|Win32
		{23011F60-6382-4911-BEF9-1D72E6C9BF91}.Debug|x64.ActiveCfg = Debug|x64
		{23011F60-6382-4911-BEF9-1D72E6C9BF91}.Debug|x64.Build.0 = Debug|x64
		{23011F60-6382-4911-BEF9-1D72E6C9BF91}.Debug|x86.ActiveCfg = Debug|Win32
		{23011F60-6382-4911-BEF9-1D72E6C9BF91}.Debug|x86.Build.0 = Debug|Win32
		{23011F60-6382-4911-BEF9-1D72E6C9BF91}.Release|x64.ActiveCfg = Release|x64
		{23011F60-6382-4911-BEF9-1D72E6C9BF91}.Release|x64.Build.0 = Release|x64
		{23011F60-6382-4911-BEF9-1D72E6C9BF91}.Release|x86.ActiveCfg = Release|Win32
		{23011F60-6382-4911-BEF9-1D72E6C9BF91}.Release|x86.Build.0 = Release|Win32
	EndGlobalSection
	GlobalSection(SolutionProperties) = preSolution
		HideSolutionNode = FALSE
	EndGlobalSection
	GlobalSection(ExtensibilityGlobals) = postSolution
		SolutionGuid = {354734CB-7815-4D47-9B13-A1AE39D0EB05}
	EndGlobalSection
EndGlobal
